// !$*UTF8*$!
{
	archiveVersion = 1;
	classes = {
	};
	objectVersion = 56;
	objects = {

/* Begin PBXBuildFile section */
		4D13DEAB291801FD00202C06 /* SiloSamplesApp.swift in Sources */ = {isa = PBXBuildFile; fileRef = 4D13DEAA291801FD00202C06 /* SiloSamplesApp.swift */; };
		4D13DEAD291801FD00202C06 /* SampleList.swift in Sources */ = {isa = PBXBuildFile; fileRef = 4D13DEAC291801FD00202C06 /* SampleList.swift */; };
		4D13DEAF291801FE00202C06 /* Assets.xcassets in Resources */ = {isa = PBXBuildFile; fileRef = 4D13DEAE291801FE00202C06 /* Assets.xcassets */; };
		4D13DEB3291801FE00202C06 /* Preview Assets.xcassets in Resources */ = {isa = PBXBuildFile; fileRef = 4D13DEB2291801FE00202C06 /* Preview Assets.xcassets */; };
		4D13DEBE2918321200202C06 /* StoreObservationSample.swift in Sources */ = {isa = PBXBuildFile; fileRef = 4D13DEBD2918321200202C06 /* StoreObservationSample.swift */; };
		4D13DEC12918323B00202C06 /* Silo in Frameworks */ = {isa = PBXBuildFile; productRef = 4D13DEC02918323B00202C06 /* Silo */; };
		4D13DEC32918360600202C06 /* RepeatingEffectsSample.swift in Sources */ = {isa = PBXBuildFile; fileRef = 4D13DEC22918360600202C06 /* RepeatingEffectsSample.swift */; };
		4D1EF92729250E0300F84DE4 /* WithSubstateObservationSample.swift in Sources */ = {isa = PBXBuildFile; fileRef = 4D1EF92629250E0300F84DE4 /* WithSubstateObservationSample.swift */; };
		4D56EEA5294B719C00C74367 /* InjectionSample.swift in Sources */ = {isa = PBXBuildFile; fileRef = 4D56EEA4294B719C00C74367 /* InjectionSample.swift */; };
		4D56EEA7294B943400C74367 /* StorageInjectionSample.swift in Sources */ = {isa = PBXBuildFile; fileRef = 4D56EEA6294B943400C74367 /* StorageInjectionSample.swift */; };
		4D78960B2AC351D00079A3BF /* ProjectionSample.swift in Sources */ = {isa = PBXBuildFile; fileRef = 4D78960A2AC351D00079A3BF /* ProjectionSample.swift */; };
		4D813377297DA32B00253A05 /* UndoableActionsSample.swift in Sources */ = {isa = PBXBuildFile; fileRef = 4D813376297DA32B00253A05 /* UndoableActionsSample.swift */; };
		4DD01106291A79BB00D6F346 /* BindingsSample.swift in Sources */ = {isa = PBXBuildFile; fileRef = 4DD01105291A79BB00D6F346 /* BindingsSample.swift */; };
/* End PBXBuildFile section */

/* Begin PBXFileReference section */
		4D13DEA7291801FD00202C06 /* SiloSamples.app */ = {isa = PBXFileReference; explicitFileType = wrapper.application; includeInIndex = 0; path = SiloSamples.app; sourceTree = BUILT_PRODUCTS_DIR; };
		4D13DEAA291801FD00202C06 /* SiloSamplesApp.swift */ = {isa = PBXFileReference; lastKnownFileType = sourcecode.swift; path = SiloSamplesApp.swift; sourceTree = "<group>"; };
		4D13DEAC291801FD00202C06 /* SampleList.swift */ = {isa = PBXFileReference; lastKnownFileType = sourcecode.swift; path = SampleList.swift; sourceTree = "<group>"; };
		4D13DEAE291801FE00202C06 /* Assets.xcassets */ = {isa = PBXFileReference; lastKnownFileType = folder.assetcatalog; path = Assets.xcassets; sourceTree = "<group>"; };
		4D13DEB0291801FE00202C06 /* SiloSamples.entitlements */ = {isa = PBXFileReference; lastKnownFileType = text.plist.entitlements; path = SiloSamples.entitlements; sourceTree = "<group>"; };
		4D13DEB2291801FE00202C06 /* Preview Assets.xcassets */ = {isa = PBXFileReference; lastKnownFileType = folder.assetcatalog; path = "Preview Assets.xcassets"; sourceTree = "<group>"; };
		4D13DEBA2918020E00202C06 /* Silo */ = {isa = PBXFileReference; lastKnownFileType = wrapper; name = Silo; path = ../..; sourceTree = "<group>"; };
		4D13DEBD2918321200202C06 /* StoreObservationSample.swift */ = {isa = PBXFileReference; lastKnownFileType = sourcecode.swift; path = StoreObservationSample.swift; sourceTree = "<group>"; };
		4D13DEC22918360600202C06 /* RepeatingEffectsSample.swift */ = {isa = PBXFileReference; lastKnownFileType = sourcecode.swift; path = RepeatingEffectsSample.swift; sourceTree = "<group>"; };
		4D1EF92629250E0300F84DE4 /* WithSubstateObservationSample.swift */ = {isa = PBXFileReference; lastKnownFileType = sourcecode.swift; path = WithSubstateObservationSample.swift; sourceTree = "<group>"; };
		4D56EEA4294B719C00C74367 /* InjectionSample.swift */ = {isa = PBXFileReference; lastKnownFileType = sourcecode.swift; path = InjectionSample.swift; sourceTree = "<group>"; };
		4D56EEA6294B943400C74367 /* StorageInjectionSample.swift */ = {isa = PBXFileReference; lastKnownFileType = sourcecode.swift; path = StorageInjectionSample.swift; sourceTree = "<group>"; };
		4D78960A2AC351D00079A3BF /* ProjectionSample.swift */ = {isa = PBXFileReference; lastKnownFileType = sourcecode.swift; path = ProjectionSample.swift; sourceTree = "<group>"; };
		4D813376297DA32B00253A05 /* UndoableActionsSample.swift */ = {isa = PBXFileReference; lastKnownFileType = sourcecode.swift; path = UndoableActionsSample.swift; sourceTree = "<group>"; };
		4DD01105291A79BB00D6F346 /* BindingsSample.swift */ = {isa = PBXFileReference; lastKnownFileType = sourcecode.swift; path = BindingsSample.swift; sourceTree = "<group>"; };
/* End PBXFileReference section */

/* Begin PBXFrameworksBuildPhase section */
		4D13DEA4291801FD00202C06 /* Frameworks */ = {
			isa = PBXFrameworksBuildPhase;
			buildActionMask = 2147483647;
			files = (
				4D13DEC12918323B00202C06 /* Silo in Frameworks */,
			);
			runOnlyForDeploymentPostprocessing = 0;
		};
/* End PBXFrameworksBuildPhase section */

/* Begin PBXGroup section */
		4D13DE9E291801FD00202C06 = {
			isa = PBXGroup;
			children = (
				4D13DEB92918020E00202C06 /* Packages */,
				4D13DEA9291801FD00202C06 /* SiloSamples */,
				4D13DEA8291801FD00202C06 /* Products */,
				4D13DEBF2918323B00202C06 /* Frameworks */,
			);
			sourceTree = "<group>";
		};
		4D13DEA8291801FD00202C06 /* Products */ = {
			isa = PBXGroup;
			children = (
				4D13DEA7291801FD00202C06 /* SiloSamples.app */,
			);
			name = Products;
			sourceTree = "<group>";
		};
		4D13DEA9291801FD00202C06 /* SiloSamples */ = {
			isa = PBXGroup;
			children = (
				4D13DEBC291831F100202C06 /* Samples */,
				4D13DEBB2918311100202C06 /* Resources */,
				4D13DEAC291801FD00202C06 /* SampleList.swift */,
				4D13DEAA291801FD00202C06 /* SiloSamplesApp.swift */,
			);
			path = SiloSamples;
			sourceTree = "<group>";
		};
		4D13DEB1291801FE00202C06 /* Preview Content */ = {
			isa = PBXGroup;
			children = (
				4D13DEB2291801FE00202C06 /* Preview Assets.xcassets */,
			);
			path = "Preview Content";
			sourceTree = "<group>";
		};
		4D13DEB92918020E00202C06 /* Packages */ = {
			isa = PBXGroup;
			children = (
				4D13DEBA2918020E00202C06 /* Silo */,
			);
			name = Packages;
			sourceTree = "<group>";
		};
		4D13DEBB2918311100202C06 /* Resources */ = {
			isa = PBXGroup;
			children = (
				4D13DEAE291801FE00202C06 /* Assets.xcassets */,
				4D13DEB0291801FE00202C06 /* SiloSamples.entitlements */,
				4D13DEB1291801FE00202C06 /* Preview Content */,
			);
			path = Resources;
			sourceTree = "<group>";
		};
		4D13DEBC291831F100202C06 /* Samples */ = {
			isa = PBXGroup;
			children = (
				4D813378297DA46900253A05 /* UndoManager */,
				4D4894292934CE0400C47448 /* Store Observation */,
				4D48942B2934CE2600C47448 /* Side Effects */,
				4D48942A2934CE1B00C47448 /* Bindings */,
				4DF820892AE16ECB00EB156D /* Projection */,
				4D56EEA3294B716C00C74367 /* Injection */,
			);
			path = Samples;
			sourceTree = "<group>";
		};
		4D13DEBF2918323B00202C06 /* Frameworks */ = {
			isa = PBXGroup;
			children = (
			);
			name = Frameworks;
			sourceTree = "<group>";
		};
		4D4894292934CE0400C47448 /* Store Observation */ = {
			isa = PBXGroup;
			children = (
				4D13DEBD2918321200202C06 /* StoreObservationSample.swift */,
				4D1EF92629250E0300F84DE4 /* WithSubstateObservationSample.swift */,
			);
			path = "Store Observation";
			sourceTree = "<group>";
		};
		4D48942A2934CE1B00C47448 /* Bindings */ = {
			isa = PBXGroup;
			children = (
				4DD01105291A79BB00D6F346 /* BindingsSample.swift */,
			);
			path = Bindings;
			sourceTree = "<group>";
		};
		4D48942B2934CE2600C47448 /* Side Effects */ = {
			isa = PBXGroup;
			children = (
				4D13DEC22918360600202C06 /* RepeatingEffectsSample.swift */,
			);
			path = "Side Effects";
			sourceTree = "<group>";
		};
		4D56EEA3294B716C00C74367 /* Injection */ = {
			isa = PBXGroup;
			children = (
				4D56EEA4294B719C00C74367 /* InjectionSample.swift */,
				4D56EEA6294B943400C74367 /* StorageInjectionSample.swift */,
			);
			path = Injection;
			sourceTree = "<group>";
		};
		4D813378297DA46900253A05 /* UndoManager */ = {
			isa = PBXGroup;
			children = (
				4D813376297DA32B00253A05 /* UndoableActionsSample.swift */,
			);
			path = UndoManager;
			sourceTree = "<group>";
		};
		4DF820892AE16ECB00EB156D /* Projection */ = {
			isa = PBXGroup;
			children = (
				4D78960A2AC351D00079A3BF /* ProjectionSample.swift */,
			);
			path = Projection;
			sourceTree = "<group>";
		};
/* End PBXGroup section */

/* Begin PBXNativeTarget section */
		4D13DEA6291801FD00202C06 /* SiloSamples */ = {
			isa = PBXNativeTarget;
			buildConfigurationList = 4D13DEB6291801FE00202C06 /* Build configuration list for PBXNativeTarget "SiloSamples" */;
			buildPhases = (
				4D13DEA3291801FD00202C06 /* Sources */,
				4D13DEA4291801FD00202C06 /* Frameworks */,
				4D13DEA5291801FD00202C06 /* Resources */,
			);
			buildRules = (
			);
			dependencies = (
			);
			name = SiloSamples;
			packageProductDependencies = (
				4D13DEC02918323B00202C06 /* Silo */,
			);
			productName = SiloSamples;
			productReference = 4D13DEA7291801FD00202C06 /* SiloSamples.app */;
			productType = "com.apple.product-type.application";
		};
/* End PBXNativeTarget section */

/* Begin PBXProject section */
		4D13DE9F291801FD00202C06 /* Project object */ = {
			isa = PBXProject;
			attributes = {
				BuildIndependentTargetsInParallel = 1;
				LastSwiftUpdateCheck = 1410;
				LastUpgradeCheck = 1500;
				ORGANIZATIONNAME = "Dimension North Inc.";
				TargetAttributes = {
					4D13DEA6291801FD00202C06 = {
						CreatedOnToolsVersion = 14.1;
					};
				};
			};
			buildConfigurationList = 4D13DEA2291801FD00202C06 /* Build configuration list for PBXProject "SiloSamples" */;
			compatibilityVersion = "Xcode 14.0";
			developmentRegion = en;
			hasScannedForEncodings = 0;
			knownRegions = (
				en,
				Base,
			);
			mainGroup = 4D13DE9E291801FD00202C06;
			productRefGroup = 4D13DEA8291801FD00202C06 /* Products */;
			projectDirPath = "";
			projectRoot = "";
			targets = (
				4D13DEA6291801FD00202C06 /* SiloSamples */,
			);
		};
/* End PBXProject section */

/* Begin PBXResourcesBuildPhase section */
		4D13DEA5291801FD00202C06 /* Resources */ = {
			isa = PBXResourcesBuildPhase;
			buildActionMask = 2147483647;
			files = (
				4D13DEB3291801FE00202C06 /* Preview Assets.xcassets in Resources */,
				4D13DEAF291801FE00202C06 /* Assets.xcassets in Resources */,
			);
			runOnlyForDeploymentPostprocessing = 0;
		};
/* End PBXResourcesBuildPhase section */

/* Begin PBXSourcesBuildPhase section */
		4D13DEA3291801FD00202C06 /* Sources */ = {
			isa = PBXSourcesBuildPhase;
			buildActionMask = 2147483647;
			files = (
				4D56EEA5294B719C00C74367 /* InjectionSample.swift in Sources */,
				4D813377297DA32B00253A05 /* UndoableActionsSample.swift in Sources */,
				4D56EEA7294B943400C74367 /* StorageInjectionSample.swift in Sources */,
				4DD01106291A79BB00D6F346 /* BindingsSample.swift in Sources */,
				4D78960B2AC351D00079A3BF /* ProjectionSample.swift in Sources */,
				4D13DEAD291801FD00202C06 /* SampleList.swift in Sources */,
				4D13DEC32918360600202C06 /* RepeatingEffectsSample.swift in Sources */,
				4D13DEAB291801FD00202C06 /* SiloSamplesApp.swift in Sources */,
				4D1EF92729250E0300F84DE4 /* WithSubstateObservationSample.swift in Sources */,
				4D13DEBE2918321200202C06 /* StoreObservationSample.swift in Sources */,
			);
			runOnlyForDeploymentPostprocessing = 0;
		};
/* End PBXSourcesBuildPhase section */

/* Begin XCBuildConfiguration section */
		4D13DEB4291801FE00202C06 /* Debug */ = {
			isa = XCBuildConfiguration;
			buildSettings = {
				ALWAYS_SEARCH_USER_PATHS = NO;
				CLANG_ANALYZER_NONNULL = YES;
				CLANG_ANALYZER_NUMBER_OBJECT_CONVERSION = YES_AGGRESSIVE;
				CLANG_CXX_LANGUAGE_STANDARD = "gnu++20";
				CLANG_ENABLE_MODULES = YES;
				CLANG_ENABLE_OBJC_ARC = YES;
				CLANG_ENABLE_OBJC_WEAK = YES;
				CLANG_WARN_BLOCK_CAPTURE_AUTORELEASING = YES;
				CLANG_WARN_BOOL_CONVERSION = YES;
				CLANG_WARN_COMMA = YES;
				CLANG_WARN_CONSTANT_CONVERSION = YES;
				CLANG_WARN_DEPRECATED_OBJC_IMPLEMENTATIONS = YES;
				CLANG_WARN_DIRECT_OBJC_ISA_USAGE = YES_ERROR;
				CLANG_WARN_DOCUMENTATION_COMMENTS = YES;
				CLANG_WARN_EMPTY_BODY = YES;
				CLANG_WARN_ENUM_CONVERSION = YES;
				CLANG_WARN_INFINITE_RECURSION = YES;
				CLANG_WARN_INT_CONVERSION = YES;
				CLANG_WARN_NON_LITERAL_NULL_CONVERSION = YES;
				CLANG_WARN_OBJC_IMPLICIT_RETAIN_SELF = YES;
				CLANG_WARN_OBJC_LITERAL_CONVERSION = YES;
				CLANG_WARN_OBJC_ROOT_CLASS = YES_ERROR;
				CLANG_WARN_QUOTED_INCLUDE_IN_FRAMEWORK_HEADER = YES;
				CLANG_WARN_RANGE_LOOP_ANALYSIS = YES;
				CLANG_WARN_STRICT_PROTOTYPES = YES;
				CLANG_WARN_SUSPICIOUS_MOVE = YES;
				CLANG_WARN_UNGUARDED_AVAILABILITY = YES_AGGRESSIVE;
				CLANG_WARN_UNREACHABLE_CODE = YES;
				CLANG_WARN__DUPLICATE_METHOD_MATCH = YES;
				COPY_PHASE_STRIP = NO;
				DEAD_CODE_STRIPPING = YES;
				DEBUG_INFORMATION_FORMAT = dwarf;
				ENABLE_STRICT_OBJC_MSGSEND = YES;
				ENABLE_TESTABILITY = YES;
				ENABLE_USER_SCRIPT_SANDBOXING = YES;
				GCC_C_LANGUAGE_STANDARD = gnu11;
				GCC_DYNAMIC_NO_PIC = NO;
				GCC_NO_COMMON_BLOCKS = YES;
				GCC_OPTIMIZATION_LEVEL = 0;
				GCC_PREPROCESSOR_DEFINITIONS = (
					"DEBUG=1",
					"$(inherited)",
				);
				GCC_WARN_64_TO_32_BIT_CONVERSION = YES;
				GCC_WARN_ABOUT_RETURN_TYPE = YES_ERROR;
				GCC_WARN_UNDECLARED_SELECTOR = YES;
				GCC_WARN_UNINITIALIZED_AUTOS = YES_AGGRESSIVE;
				GCC_WARN_UNUSED_FUNCTION = YES;
				GCC_WARN_UNUSED_VARIABLE = YES;
				MTL_ENABLE_DEBUG_INFO = INCLUDE_SOURCE;
				MTL_FAST_MATH = YES;
				ONLY_ACTIVE_ARCH = YES;
				SWIFT_ACTIVE_COMPILATION_CONDITIONS = DEBUG;
				SWIFT_OPTIMIZATION_LEVEL = "-Onone";
			};
			name = Debug;
		};
		4D13DEB5291801FE00202C06 /* Release */ = {
			isa = XCBuildConfiguration;
			buildSettings = {
				ALWAYS_SEARCH_USER_PATHS = NO;
				CLANG_ANALYZER_NONNULL = YES;
				CLANG_ANALYZER_NUMBER_OBJECT_CONVERSION = YES_AGGRESSIVE;
				CLANG_CXX_LANGUAGE_STANDARD = "gnu++20";
				CLANG_ENABLE_MODULES = YES;
				CLANG_ENABLE_OBJC_ARC = YES;
				CLANG_ENABLE_OBJC_WEAK = YES;
				CLANG_WARN_BLOCK_CAPTURE_AUTORELEASING = YES;
				CLANG_WARN_BOOL_CONVERSION = YES;
				CLANG_WARN_COMMA = YES;
				CLANG_WARN_CONSTANT_CONVERSION = YES;
				CLANG_WARN_DEPRECATED_OBJC_IMPLEMENTATIONS = YES;
				CLANG_WARN_DIRECT_OBJC_ISA_USAGE = YES_ERROR;
				CLANG_WARN_DOCUMENTATION_COMMENTS = YES;
				CLANG_WARN_EMPTY_BODY = YES;
				CLANG_WARN_ENUM_CONVERSION = YES;
				CLANG_WARN_INFINITE_RECURSION = YES;
				CLANG_WARN_INT_CONVERSION = YES;
				CLANG_WARN_NON_LITERAL_NULL_CONVERSION = YES;
				CLANG_WARN_OBJC_IMPLICIT_RETAIN_SELF = YES;
				CLANG_WARN_OBJC_LITERAL_CONVERSION = YES;
				CLANG_WARN_OBJC_ROOT_CLASS = YES_ERROR;
				CLANG_WARN_QUOTED_INCLUDE_IN_FRAMEWORK_HEADER = YES;
				CLANG_WARN_RANGE_LOOP_ANALYSIS = YES;
				CLANG_WARN_STRICT_PROTOTYPES = YES;
				CLANG_WARN_SUSPICIOUS_MOVE = YES;
				CLANG_WARN_UNGUARDED_AVAILABILITY = YES_AGGRESSIVE;
				CLANG_WARN_UNREACHABLE_CODE = YES;
				CLANG_WARN__DUPLICATE_METHOD_MATCH = YES;
				COPY_PHASE_STRIP = NO;
				DEAD_CODE_STRIPPING = YES;
				DEBUG_INFORMATION_FORMAT = "dwarf-with-dsym";
				ENABLE_NS_ASSERTIONS = NO;
				ENABLE_STRICT_OBJC_MSGSEND = YES;
				ENABLE_USER_SCRIPT_SANDBOXING = YES;
				GCC_C_LANGUAGE_STANDARD = gnu11;
				GCC_NO_COMMON_BLOCKS = YES;
				GCC_WARN_64_TO_32_BIT_CONVERSION = YES;
				GCC_WARN_ABOUT_RETURN_TYPE = YES_ERROR;
				GCC_WARN_UNDECLARED_SELECTOR = YES;
				GCC_WARN_UNINITIALIZED_AUTOS = YES_AGGRESSIVE;
				GCC_WARN_UNUSED_FUNCTION = YES;
				GCC_WARN_UNUSED_VARIABLE = YES;
				MTL_ENABLE_DEBUG_INFO = NO;
				MTL_FAST_MATH = YES;
				SWIFT_COMPILATION_MODE = wholemodule;
				SWIFT_OPTIMIZATION_LEVEL = "-O";
			};
			name = Release;
		};
		4D13DEB7291801FE00202C06 /* Debug */ = {
			isa = XCBuildConfiguration;
			buildSettings = {
				ASSETCATALOG_COMPILER_APPICON_NAME = AppIcon;
				ASSETCATALOG_COMPILER_GLOBAL_ACCENT_COLOR_NAME = AccentColor;
				CODE_SIGN_ENTITLEMENTS = SiloSamples/Resources/SiloSamples.entitlements;
				CODE_SIGN_STYLE = Automatic;
				CURRENT_PROJECT_VERSION = 1;
				DEAD_CODE_STRIPPING = YES;
				DEVELOPMENT_ASSET_PATHS = "\"SiloSamples/Resources/Preview Content\"";
				DEVELOPMENT_TEAM = 7Z3J577P6B;
				ENABLE_HARDENED_RUNTIME = YES;
				ENABLE_PREVIEWS = YES;
				GENERATE_INFOPLIST_FILE = YES;
				"INFOPLIST_KEY_UIApplicationSceneManifest_Generation[sdk=iphoneos*]" = YES;
				"INFOPLIST_KEY_UIApplicationSceneManifest_Generation[sdk=iphonesimulator*]" = YES;
				"INFOPLIST_KEY_UIApplicationSupportsIndirectInputEvents[sdk=iphoneos*]" = YES;
				"INFOPLIST_KEY_UIApplicationSupportsIndirectInputEvents[sdk=iphonesimulator*]" = YES;
				"INFOPLIST_KEY_UILaunchScreen_Generation[sdk=iphoneos*]" = YES;
				"INFOPLIST_KEY_UILaunchScreen_Generation[sdk=iphonesimulator*]" = YES;
				"INFOPLIST_KEY_UIStatusBarStyle[sdk=iphoneos*]" = UIStatusBarStyleDefault;
				"INFOPLIST_KEY_UIStatusBarStyle[sdk=iphonesimulator*]" = UIStatusBarStyleDefault;
				INFOPLIST_KEY_UISupportedInterfaceOrientations_iPad = "UIInterfaceOrientationPortrait UIInterfaceOrientationPortraitUpsideDown UIInterfaceOrientationLandscapeLeft UIInterfaceOrientationLandscapeRight";
				INFOPLIST_KEY_UISupportedInterfaceOrientations_iPhone = "UIInterfaceOrientationPortrait UIInterfaceOrientationLandscapeLeft UIInterfaceOrientationLandscapeRight";
				IPHONEOS_DEPLOYMENT_TARGET = 16.1;
				LD_RUNPATH_SEARCH_PATHS = "@executable_path/Frameworks";
				"LD_RUNPATH_SEARCH_PATHS[sdk=macosx*]" = "@executable_path/../Frameworks";
				MACOSX_DEPLOYMENT_TARGET = 13.0;
				MARKETING_VERSION = 1.0;
				PRODUCT_BUNDLE_IDENTIFIER = "com.dimension-north.SiloSamples";
				PRODUCT_NAME = "$(TARGET_NAME)";
				SDKROOT = auto;
				SUPPORTED_PLATFORMS = "iphoneos iphonesimulator macosx";
				SWIFT_EMIT_LOC_STRINGS = YES;
				SWIFT_VERSION = 5.0;
				TARGETED_DEVICE_FAMILY = "1,2";
			};
			name = Debug;
		};
		4D13DEB8291801FE00202C06 /* Release */ = {
			isa = XCBuildConfiguration;
			buildSettings = {
				ASSETCATALOG_COMPILER_APPICON_NAME = AppIcon;
				ASSETCATALOG_COMPILER_GLOBAL_ACCENT_COLOR_NAME = AccentColor;
				CODE_SIGN_ENTITLEMENTS = SiloSamples/Resources/SiloSamples.entitlements;
				CODE_SIGN_STYLE = Automatic;
				CURRENT_PROJECT_VERSION = 1;
				DEAD_CODE_STRIPPING = YES;
				DEVELOPMENT_ASSET_PATHS = "\"SiloSamples/Resources/Preview Content\"";
				DEVELOPMENT_TEAM = 7Z3J577P6B;
				ENABLE_HARDENED_RUNTIME = YES;
				ENABLE_PREVIEWS = YES;
				GENERATE_INFOPLIST_FILE = YES;
				"INFOPLIST_KEY_UIApplicationSceneManifest_Generation[sdk=iphoneos*]" = YES;
				"INFOPLIST_KEY_UIApplicationSceneManifest_Generation[sdk=iphonesimulator*]" = YES;
				"INFOPLIST_KEY_UIApplicationSupportsIndirectInputEvents[sdk=iphoneos*]" = YES;
				"INFOPLIST_KEY_UIApplicationSupportsIndirectInputEvents[sdk=iphonesimulator*]" = YES;
				"INFOPLIST_KEY_UILaunchScreen_Generation[sdk=iphoneos*]" = YES;
				"INFOPLIST_KEY_UILaunchScreen_Generation[sdk=iphonesimulator*]" = YES;
				"INFOPLIST_KEY_UIStatusBarStyle[sdk=iphoneos*]" = UIStatusBarStyleDefault;
				"INFOPLIST_KEY_UIStatusBarStyle[sdk=iphonesimulator*]" = UIStatusBarStyleDefault;
				INFOPLIST_KEY_UISupportedInterfaceOrientations_iPad = "UIInterfaceOrientationPortrait UIInterfaceOrientationPortraitUpsideDown UIInterfaceOrientationLandscapeLeft UIInterfaceOrientationLandscapeRight";
				INFOPLIST_KEY_UISupportedInterfaceOrientations_iPhone = "UIInterfaceOrientationPortrait UIInterfaceOrientationLandscapeLeft UIInterfaceOrientationLandscapeRight";
				IPHONEOS_DEPLOYMENT_TARGET = 16.1;
				LD_RUNPATH_SEARCH_PATHS = "@executable_path/Frameworks";
				"LD_RUNPATH_SEARCH_PATHS[sdk=macosx*]" = "@executable_path/../Frameworks";
				MACOSX_DEPLOYMENT_TARGET = 13.0;
				MARKETING_VERSION = 1.0;
				PRODUCT_BUNDLE_IDENTIFIER = "com.dimension-north.SiloSamples";
				PRODUCT_NAME = "$(TARGET_NAME)";
				SDKROOT = auto;
				SUPPORTED_PLATFORMS = "iphoneos iphonesimulator macosx";
				SWIFT_EMIT_LOC_STRINGS = YES;
				SWIFT_VERSION = 5.0;
				TARGETED_DEVICE_FAMILY = "1,2";
			};
			name = Release;
		};
/* End XCBuildConfiguration section */

/* Begin XCConfigurationList section */
		4D13DEA2291801FD00202C06 /* Build configuration list for PBXProject "SiloSamples" */ = {
			isa = XCConfigurationList;
			buildConfigurations = (
				4D13DEB4291801FE00202C06 /* Debug */,
				4D13DEB5291801FE00202C06 /* Release */,
			);
			defaultConfigurationIsVisible = 0;
			defaultConfigurationName = Release;
		};
		4D13DEB6291801FE00202C06 /* Build configuration list for PBXNativeTarget "SiloSamples" */ = {
			isa = XCConfigurationList;
			buildConfigurations = (
				4D13DEB7291801FE00202C06 /* Debug */,
				4D13DEB8291801FE00202C06 /* Release */,
			);
			defaultConfigurationIsVisible = 0;
			defaultConfigurationName = Release;
		};
/* End XCConfigurationList section */

/* Begin XCSwiftPackageProductDependency section */
		4D13DEC02918323B00202C06 /* Silo */ = {
			isa = XCSwiftPackageProductDependency;
			productName = Silo;
		};
/* End XCSwiftPackageProductDependency section */
	};
	rootObject = 4D13DE9F291801FD00202C06 /* Project object */;
}
